
Microsoft Visual Studio Solution File, Format Version 12.00
# Visual Studio Version 17
VisualStudioVersion = 17.8.34309.116
MinimumVisualStudioVersion = 10.0.40219.1
Project("{9A19103F-16F7-4668-BE54-9A1E7A4F7556}") = "SimonHolman.Extensions", "SimonHolman.Extensions\SimonHolman.Extensions.csproj", "{BDE71C74-2757-4C00-80A2-1A00E09FF23A}"
EndProject
Project("{2150E333-8FDC-42A3-9474-1A3956D46DE8}") = "Solution Items", "Solution Items", "{78167E3B-FB3D-46F1-B6FD-993E43CC7473}"
EndProject
Global
	GlobalSection(SolutionConfigurationPlatforms) = preSolution
		Debug|Any CPU = Debug|Any CPU
		Release|Any CPU = Release|Any CPU
	EndGlobalSection
	GlobalSection(ProjectConfigurationPlatforms) = postSolution
		{BDE71C74-2757-4C00-80A2-1A00E09FF23A}.Debug|Any CPU.ActiveCfg = Debug|Any CPU
		{BDE71C74-2757-4C00-80A2-1A00E09FF23A}.Debug|Any CPU.Build.0 = Debug|Any CPU
		{BDE71C74-2757-4C00-80A2-1A00E09FF23A}.Release|Any CPU.ActiveCfg = Release|Any CPU
		{BDE71C74-2757-4C00-80A2-1A00E09FF23A}.Release|Any CPU.Build.0 = Release|Any CPU
	EndGlobalSection
	GlobalSection(SolutionProperties) = preSolution
		HideSolutionNode = FALSE
	EndGlobalSection
	GlobalSection(ExtensibilityGlobals) = postSolution
		SolutionGuid = {5E9ADBE9-0BDD-4D64-96B6-1CD16A4AF0E0}
	EndGlobalSection
EndGlobal
